PODS:
  - Capacitor (8.4.2):
    - CapacitorCordova
  - CapacitorApp (8.1.1):
    - Capacitor
  - CapacitorCommunityKeepAwake (8.0.1):
    - Capacitor
  - CapacitorCordova (8.4.2)
  - CapacitorHaptics (8.0.2):
    - Capacitor
  - CapacitorKeyboard (8.0.5):
    - Capacitor
  - CapacitorPreferences (8.0.1):
    - Capacitor
  - CapacitorScreenOrientation (8.0.1):
    - Capacitor
  - CapacitorStatusBar (8.0.3):
    - Capacitor
  - CordovaPlugins (8.4.2):
    - CapacitorCordova

DEPENDENCIES:
  - "Capacitor (from `../../node_modules/@capacitor/ios`)"
  - "CapacitorApp (from `../../node_modules/@capacitor/app`)"
  - "CapacitorCommunityKeepAwake (from `../../node_modules/@capacitor-community/keep-awake`)"
  - "CapacitorCordova (from `../../node_modules/@capacitor/ios`)"
  - "CapacitorHaptics (from `../../node_modules/@capacitor/haptics`)"
  - "CapacitorKeyboard (from `../../node_modules/@capacitor/keyboard`)"
  - "CapacitorPreferences (from `../../node_modules/@capacitor/preferences`)"
  - "CapacitorScreenOrientation (from `../../node_modules/@capacitor/screen-orientation`)"
  - "CapacitorStatusBar (from `../../node_modules/@capacitor/status-bar`)"
  - CordovaPlugins (from `../capacitor-cordova-ios-plugins`)

EXTERNAL SOURCES:
  Capacitor:
    :path: "../../node_modules/@capacitor/ios"
  CapacitorApp:
    :path: "../../node_modules/@capacitor/app"
  CapacitorCommunityKeepAwake:
    :path: "../../node_modules/@capacitor-community/keep-awake"
  CapacitorCordova:
    :path: "../../node_modules/@capacitor/ios"
  CapacitorHaptics:
    :path: "../../node_modules/@capacitor/haptics"
  CapacitorKeyboard:
    :path: "../../node_modules/@capacitor/keyboard"
  CapacitorPreferences:
    :path: "../../node_modules/@capacitor/preferences"
  CapacitorScreenOrientation:
    :path: "../../node_modules/@capacitor/screen-orientation"
  CapacitorStatusBar:
    :path: "../../node_modules/@capacitor/status-bar"
  CordovaPlugins:
    :path: "../capacitor-cordova-ios-plugins"

SPEC CHECKSUMS:
  Capacitor: 52f999235b8bd6a7d01694753f4f4d54d182e3a3
  CapacitorApp: 305bd13c44f6f9d164e2ee66a4faa956ed8c0e06
  CapacitorCommunityKeepAwake: d41922812644562e94a79acaf7f41e6d9413af8c
  CapacitorCordova: 345eacdc4c8282415446aea4acd8c77d82480bd4
  CapacitorHaptics: 296f771ecd89c7a1bd92a7b6826a7d268e2e70f5
  CapacitorKeyboard: b6b0744890cdb1d9a96e2cafcc9253fdcc55de3b
  CapacitorPreferences: cca2021f386efb75947c850334447d9ff22b14f1
  CapacitorScreenOrientation: 6c3c84223ea1dd44aaa7184e2b416dd1192270d0
  CapacitorStatusBar: eca7bc2b58d9f886f1ef9edb66e57a9b29c121af
  CordovaPlugins: a61491e3922eaaaffdc23bf1aac7f8eaf1b6c260

PODFILE CHECKSUM: f88a9337418b1b54ddbcd885a77fb13efc0455af

COCOAPODS: 1.17.0
